
Microsoft Visual Studio Solution File, Format Version 12.00
# Visual Studio Version 17
VisualStudioVersion = 17.3.32804.467
MinimumVisualStudioVersion = 10.0.40219.1
Project("{9A19103F-16F7-4668-BE54-9A1E7A4F7556}") = "Domain", "Domain\Domain.csproj", "{E4B6DC13-835D-4F2D-BFAE-CA01A787B9DD}"
EndProject
Project("{9A19103F-16F7-4668-BE54-9A1E7A4F7556}") = "Infrastructure", "Infrastructure\Infrastructure.csproj", "{938689A6-9C8F-4D42-8A10-CA549210B213}"
EndProject
Project("{9A19103F-16F7-4668-BE54-9A1E7A4F7556}") = "Application", "Application\Application.csproj", "{01E357DE-4A8C-46C7-803E-8F7B15FB97C6}"
EndProject
Project("{2150E333-8FDC-42A3-9474-1A3956D46DE8}") = "Presentations", "Presentations", "{14F25AF5-3955-4F16-9576-9D167150DBB1}"
EndProject
Project("{2150E333-8FDC-42A3-9474-1A3956D46DE8}") = "Web", "Web", "{9C9598C7-A32A-498C-827B-E4E12039270C}"
EndProject
Project("{9A19103F-16F7-4668-BE54-9A1E7A4F7556}") = "WebApplicationMVC", "WebApplicationMVC\WebApplicationMVC.csproj", "{8F441424-CFFE-4EF3-8BCA-CCF6071A107E}"
EndProject
Global
	GlobalSection(SolutionConfigurationPlatforms) = preSolution
		Debug|Any CPU = Debug|Any CPU
		Release|Any CPU = Release|Any CPU
	EndGlobalSection
	GlobalSection(ProjectConfigurationPlatforms) = postSolution
		{E4B6DC13-835D-4F2D-BFAE-CA01A787B9DD}.Debug|Any CPU.ActiveCfg = Debug|Any CPU
		{E4B6DC13-835D-4F2D-BFAE-CA01A787B9DD}.Debug|Any CPU.Build.0 = Debug|Any CPU
		{E4B6DC13-835D-4F2D-BFAE-CA01A787B9DD}.Release|Any CPU.ActiveCfg = Release|Any CPU
		{E4B6DC13-835D-4F2D-BFAE-CA01A787B9DD}.Release|Any CPU.Build.0 = Release|Any CPU
		{938689A6-9C8F-4D42-8A10-CA549210B213}.Debug|Any CPU.ActiveCfg = Debug|Any CPU
		{938689A6-9C8F-4D42-8A10-CA549210B213}.Debug|Any CPU.Build.0 = Debug|Any CPU
		{938689A6-9C8F-4D42-8A10-CA549210B213}.Release|Any CPU.ActiveCfg = Release|Any CPU
		{938689A6-9C8F-4D42-8A10-CA549210B213}.Release|Any CPU.Build.0 = Release|Any CPU
		{01E357DE-4A8C-46C7-803E-8F7B15FB97C6}.Debug|Any CPU.ActiveCfg = Debug|Any CPU
		{01E357DE-4A8C-46C7-803E-8F7B15FB97C6}.Debug|Any CPU.Build.0 = Debug|Any CPU
		{01E357DE-4A8C-46C7-803E-8F7B15FB97C6}.Release|Any CPU.ActiveCfg = Release|Any CPU
		{01E357DE-4A8C-46C7-803E-8F7B15FB97C6}.Release|Any CPU.Build.0 = Release|Any CPU
		{8F441424-CFFE-4EF3-8BCA-CCF6071A107E}.Debug|Any CPU.ActiveCfg = Debug|Any CPU
		{8F441424-CFFE-4EF3-8BCA-CCF6071A107E}.Debug|Any CPU.Build.0 = Debug|Any CPU
		{8F441424-CFFE-4EF3-8BCA-CCF6071A107E}.Release|Any CPU.ActiveCfg = Release|Any CPU
		{8F441424-CFFE-4EF3-8BCA-CCF6071A107E}.Release|Any CPU.Build.0 = Release|Any CPU
	EndGlobalSection
	GlobalSection(SolutionProperties) = preSolution
		HideSolutionNode = FALSE
	EndGlobalSection
	GlobalSection(NestedProjects) = preSolution
		{9C9598C7-A32A-498C-827B-E4E12039270C} = {14F25AF5-3955-4F16-9576-9D167150DBB1}
		{8F441424-CFFE-4EF3-8BCA-CCF6071A107E} = {9C9598C7-A32A-498C-827B-E4E12039270C}
	EndGlobalSection
	GlobalSection(ExtensibilityGlobals) = postSolution
		SolutionGuid = {63E0EDC8-A13A-4EB6-BC0E-62C80913A912}
	EndGlobalSection
EndGlobal
